
Microsoft Visual Studio Solution File, Format Version 12.00
# Visual Studio Version 17
VisualStudioVersion = 17.5.002.0
MinimumVisualStudioVersion = 10.0.40219.1
Project("{9A19103F-16F7-4668-BE54-9A1E7A4F7556}") = "LibraryTest", "LibraryTest.csproj", "{65598517-9781-488E-B262-16E2F9BFDE5B}"
EndProject
Global
	GlobalSection(SolutionConfigurationPlatforms) = preSolution
		Debug|Any CPU = Debug|Any CPU
		Release|Any CPU = Release|Any CPU
	EndGlobalSection
	GlobalSection(ProjectConfigurationPlatforms) = postSolution
		{65598517-9781-488E-B262-16E2F9BFDE5B}.Debug|Any CPU.ActiveCfg = Debug|Any CPU
		{65598517-9781-488E-B262-16E2F9BFDE5B}.Debug|Any CPU.Build.0 = Debug|Any CPU
		{65598517-9781-488E-B262-16E2F9BFDE5B}.Release|Any CPU.ActiveCfg = Release|Any CPU
		{65598517-9781-488E-B262-16E2F9BFDE5B}.Release|Any CPU.Build.0 = Release|Any CPU
	EndGlobalSection
	GlobalSection(SolutionProperties) = preSolution
		HideSolutionNode = FALSE
	EndGlobalSection
	GlobalSection(ExtensibilityGlobals) = postSolution
		SolutionGuid = {312A95B7-EDE7-4361-9D2F-30D7220353E7}
	EndGlobalSection
EndGlobal
